
Microsoft Visual Studio Solution File, Format Version 12.00
# Visual Studio Version 17
VisualStudioVersion = 17.14.36811.4 d17.14
MinimumVisualStudioVersion = 10.0.40219.1
Project("{8BC9CEB8-8B4A-11D0-8D11-00A0C91BC942}") = "zadatak8", "zadatak8\zadatak8.vcxproj", "{5DA4CA8B-8375-4F1B-B0A1-B64F7F5001E0}"
EndProject
Global
	GlobalSection(SolutionConfigurationPlatforms) = preSolution
		Debug|x64 = Debug|x64
		Debug|x86 = Debug|x86
		Release|x64 = Release|x64
		Release|x86 = Release|x86
	EndGlobalSection
	GlobalSection(ProjectConfigurationPlatforms) = postSolution
		{5DA4CA8B-8375-4F1B-B0A1-B64F7F5001E0}.Debug|x64.ActiveCfg = Debug|x64
		{5DA4CA8B-8375-4F1B-B0A1-B64F7F5001E0}.Debug|x64.Build.0 = Debug|x64
		{5DA4CA8B-8375-4F1B-B0A1-B64F7F5001E0}.Debug|x86.ActiveCfg = Debug|Win32
		{5DA4CA8B-8375-4F1B-B0A1-B64F7F5001E0}.Debug|x86.Build.0 = Debug|Win32
		{5DA4CA8B-8375-4F1B-B0A1-B64F7F5001E0}.Release|x64.ActiveCfg = Release|x64
		{5DA4CA8B-8375-4F1B-B0A1-B64F7F5001E0}.Release|x64.Build.0 = Release|x64
		{5DA4CA8B-8375-4F1B-B0A1-B64F7F5001E0}.Release|x86.ActiveCfg = Release|Win32
		{5DA4CA8B-8375-4F1B-B0A1-B64F7F5001E0}.Release|x86.Build.0 = Release|Win32
	EndGlobalSection
	GlobalSection(SolutionProperties) = preSolution
		HideSolutionNode = FALSE
	EndGlobalSection
	GlobalSection(ExtensibilityGlobals) = postSolution
		SolutionGuid = {1E8411BA-7B5E-4DC4-BFF7-9265D2593D94}
	EndGlobalSection
EndGlobal
